
Microsoft Visual Studio Solution File, Format Version 12.00
# Visual Studio 15
VisualStudioVersion = 15.0.28307.1433
MinimumVisualStudioVersion = 10.0.40219.1
Project("{FAE04EC0-301F-11D3-BF4B-00C04F79EFBC}") = "projetGSB_AppliFrais", "projetGSB_AppliFrais\projetGSB_AppliFrais.csproj", "{D4932656-617D-4853-AB72-003C75D9DA16}"
EndProject
Project("{FAE04EC0-301F-11D3-BF4B-00C04F79EFBC}") = "UnitTestGSB", "UnitTestGSB\UnitTestGSB.csproj", "{879F2198-95DC-4EE8-9A56-A6C76B00FCDF}"
EndProject
Global
	GlobalSection(SolutionConfigurationPlatforms) = preSolution
		Debug|Any CPU = Debug|Any CPU
		Release|Any CPU = Release|Any CPU
	EndGlobalSection
	GlobalSection(ProjectConfigurationPlatforms) = postSolution
		{D4932656-617D-4853-AB72-003C75D9DA16}.Debug|Any CPU.ActiveCfg = Debug|Any CPU
		{D4932656-617D-4853-AB72-003C75D9DA16}.Debug|Any CPU.Build.0 = Debug|Any CPU
		{D4932656-617D-4853-AB72-003C75D9DA16}.Release|Any CPU.ActiveCfg = Release|Any CPU
		{D4932656-617D-4853-AB72-003C75D9DA16}.Release|Any CPU.Build.0 = Release|Any CPU
		{879F2198-95DC-4EE8-9A56-A6C76B00FCDF}.Debug|Any CPU.ActiveCfg = Debug|Any CPU
		{879F2198-95DC-4EE8-9A56-A6C76B00FCDF}.Debug|Any CPU.Build.0 = Debug|Any CPU
		{879F2198-95DC-4EE8-9A56-A6C76B00FCDF}.Release|Any CPU.ActiveCfg = Release|Any CPU
		{879F2198-95DC-4EE8-9A56-A6C76B00FCDF}.Release|Any CPU.Build.0 = Release|Any CPU
	EndGlobalSection
	GlobalSection(SolutionProperties) = preSolution
		HideSolutionNode = FALSE
	EndGlobalSection
	GlobalSection(ExtensibilityGlobals) = postSolution
		SolutionGuid = {DE965D3A-AD84-40A8-973A-0891216644AF}
	EndGlobalSection
EndGlobal
